{
  "name": "dazn_web_challenge",
  "version": "0.1.0",
  "lockfileVersion": 1,
  "dependencies": {
    "themoviedb-javascript-library": {
      "version": "1.0.0",
      "resolved": "https://registry.npmjs.org/themoviedb-javascript-library/-/themoviedb-javascript-library-1.0.0.tgz",
      "integrity": "sha1-QPGF5IMbnMVkW9ZNCDXW2AydpaE="
    }
  }
}
